
Microsoft Visual Studio Solution File, Format Version 12.00
# Visual Studio Version 16
VisualStudioVersion = 16.0.31424.327
MinimumVisualStudioVersion = 10.0.40219.1
Project("{FAE04EC0-301F-11D3-BF4B-00C04F79EFBC}") = "DictionaryProject", "DictionaryProject.csproj", "{F7ACFBD2-D9CD-40DB-AFD9-04FD03EF7B36}"
EndProject
Global
	GlobalSection(SolutionConfigurationPlatforms) = preSolution
		Debug|Any CPU = Debug|Any CPU
		Release|Any CPU = Release|Any CPU
	EndGlobalSection
	GlobalSection(ProjectConfigurationPlatforms) = postSolution
		{F7ACFBD2-D9CD-40DB-AFD9-04FD03EF7B36}.Debug|Any CPU.ActiveCfg = Debug|Any CPU
		{F7ACFBD2-D9CD-40DB-AFD9-04FD03EF7B36}.Debug|Any CPU.Build.0 = Debug|Any CPU
		{F7ACFBD2-D9CD-40DB-AFD9-04FD03EF7B36}.Release|Any CPU.ActiveCfg = Release|Any CPU
		{F7ACFBD2-D9CD-40DB-AFD9-04FD03EF7B36}.Release|Any CPU.Build.0 = Release|Any CPU
	EndGlobalSection
	GlobalSection(SolutionProperties) = preSolution
		HideSolutionNode = FALSE
	EndGlobalSection
	GlobalSection(ExtensibilityGlobals) = postSolution
		SolutionGuid = {142391CB-3846-403A-BD18-D14795659929}
	EndGlobalSection
EndGlobal
